
Microsoft Visual Studio Solution File, Format Version 12.00
# Visual Studio Version 17
VisualStudioVersion = 17.0.32014.148
MinimumVisualStudioVersion = 10.0.40219.1
Project("{FAE04EC0-301F-11D3-BF4B-00C04F79EFBC}") = "ReferenceTypes", "ReferenceTypes\ReferenceTypes.csproj", "{EA28885E-7CE5-4750-9C27-D34E77E368E8}"
EndProject
Global
	GlobalSection(SolutionConfigurationPlatforms) = preSolution
		Debug|Any CPU = Debug|Any CPU
		Release|Any CPU = Release|Any CPU
	EndGlobalSection
	GlobalSection(ProjectConfigurationPlatforms) = postSolution
		{EA28885E-7CE5-4750-9C27-D34E77E368E8}.Debug|Any CPU.ActiveCfg = Debug|Any CPU
		{EA28885E-7CE5-4750-9C27-D34E77E368E8}.Debug|Any CPU.Build.0 = Debug|Any CPU
		{EA28885E-7CE5-4750-9C27-D34E77E368E8}.Release|Any CPU.ActiveCfg = Release|Any CPU
		{EA28885E-7CE5-4750-9C27-D34E77E368E8}.Release|Any CPU.Build.0 = Release|Any CPU
	EndGlobalSection
	GlobalSection(SolutionProperties) = preSolution
		HideSolutionNode = FALSE
	EndGlobalSection
	GlobalSection(ExtensibilityGlobals) = postSolution
		SolutionGuid = {CC6F6CA3-CA8C-4C69-8292-18D2477CFB71}
	EndGlobalSection
EndGlobal
